<Solution>
  <Folder Name="/backend/">
    <Project Path="backend/Project1.Api/Project1.Api.csproj" />
  </Folder>
  <Folder Name="/tests/">
    <Project Path="tests/Project1.Api.Tests/Project1.Api.Tests.csproj" />
    <Project Path="tests/Project1.Migrations.Tests/Project1.Migrations.Tests.csproj" />
  </Folder>
</Solution>
